
Microsoft Visual Studio Solution File, Format Version 12.00
# Visual Studio Version 17
VisualStudioVersion = 17.13.35931.197 d17.13
MinimumVisualStudioVersion = 10.0.40219.1
Project("{FAE04EC0-301F-11D3-BF4B-00C04F79EFBC}") = "Staircase.Core", "Staircase.Core\Staircase.Core.csproj", "{63B6EDA7-97C5-448A-A1EF-5566E9F42FD3}"
EndProject
Global
	GlobalSection(SolutionConfigurationPlatforms) = preSolution
		Debug|Any CPU = Debug|Any CPU
		Release|Any CPU = Release|Any CPU
	EndGlobalSection
	GlobalSection(ProjectConfigurationPlatforms) = postSolution
		{63B6EDA7-97C5-448A-A1EF-5566E9F42FD3}.Debug|Any CPU.ActiveCfg = Debug|Any CPU
		{63B6EDA7-97C5-448A-A1EF-5566E9F42FD3}.Debug|Any CPU.Build.0 = Debug|Any CPU
		{63B6EDA7-97C5-448A-A1EF-5566E9F42FD3}.Release|Any CPU.ActiveCfg = Release|Any CPU
		{63B6EDA7-97C5-448A-A1EF-5566E9F42FD3}.Release|Any CPU.Build.0 = Release|Any CPU
	EndGlobalSection
	GlobalSection(SolutionProperties) = preSolution
		HideSolutionNode = FALSE
	EndGlobalSection
	GlobalSection(ExtensibilityGlobals) = postSolution
		SolutionGuid = {E9F37E18-D762-4B70-92AC-0F024C3886FD}
	EndGlobalSection
EndGlobal
